
Microsoft Visual Studio Solution File, Format Version 12.00
# Visual Studio Version 17
VisualStudioVersion = 17.9.34622.214
MinimumVisualStudioVersion = 10.0.40219.1
Project("{9A19103F-16F7-4668-BE54-9A1E7A4F7556}") = "BackendView", "BackendView\BackendView.csproj", "{B3868F00-DFFF-4EF0-8683-63CC71D39862}"
EndProject
Project("{FAE04EC0-301F-11D3-BF4B-00C04F79EFBC}") = "UserDataBL", "UserDataBL\UserDataBL.csproj", "{8C15E9AC-A1A8-46F8-BE3D-B1FBD6F9ADE7}"
EndProject
Project("{FAE04EC0-301F-11D3-BF4B-00C04F79EFBC}") = "UserDataDL", "UserDataDL\UserDataDL.csproj", "{3A7876F4-0899-466B-A6CE-36437154C4CB}"
EndProject
Global
	GlobalSection(SolutionConfigurationPlatforms) = preSolution
		Debug|Any CPU = Debug|Any CPU
		Release|Any CPU = Release|Any CPU
	EndGlobalSection
	GlobalSection(ProjectConfigurationPlatforms) = postSolution
		{B3868F00-DFFF-4EF0-8683-63CC71D39862}.Debug|Any CPU.ActiveCfg = Debug|Any CPU
		{B3868F00-DFFF-4EF0-8683-63CC71D39862}.Debug|Any CPU.Build.0 = Debug|Any CPU
		{B3868F00-DFFF-4EF0-8683-63CC71D39862}.Release|Any CPU.ActiveCfg = Release|Any CPU
		{B3868F00-DFFF-4EF0-8683-63CC71D39862}.Release|Any CPU.Build.0 = Release|Any CPU
		{8C15E9AC-A1A8-46F8-BE3D-B1FBD6F9ADE7}.Debug|Any CPU.ActiveCfg = Debug|Any CPU
		{8C15E9AC-A1A8-46F8-BE3D-B1FBD6F9ADE7}.Debug|Any CPU.Build.0 = Debug|Any CPU
		{8C15E9AC-A1A8-46F8-BE3D-B1FBD6F9ADE7}.Release|Any CPU.ActiveCfg = Release|Any CPU
		{8C15E9AC-A1A8-46F8-BE3D-B1FBD6F9ADE7}.Release|Any CPU.Build.0 = Release|Any CPU
		{3A7876F4-0899-466B-A6CE-36437154C4CB}.Debug|Any CPU.ActiveCfg = Debug|Any CPU
		{3A7876F4-0899-466B-A6CE-36437154C4CB}.Debug|Any CPU.Build.0 = Debug|Any CPU
		{3A7876F4-0899-466B-A6CE-36437154C4CB}.Release|Any CPU.ActiveCfg = Release|Any CPU
		{3A7876F4-0899-466B-A6CE-36437154C4CB}.Release|Any CPU.Build.0 = Release|Any CPU
	EndGlobalSection
	GlobalSection(SolutionProperties) = preSolution
		HideSolutionNode = FALSE
	EndGlobalSection
	GlobalSection(ExtensibilityGlobals) = postSolution
		SolutionGuid = {3F84489A-43D2-46FA-9EAC-2C294AF39FF6}
	EndGlobalSection
EndGlobal
